
Microsoft Visual Studio Solution File, Format Version 12.00
# Visual Studio 2013
Project("{2150E333-8FDC-42A3-9474-1A3956D46DE8}") = "Engine", "Engine", "{2F4C6D2F-9CEB-4D14-8290-03F44EBECDF2}"
EndProject
Project("{2150E333-8FDC-42A3-9474-1A3956D46DE8}") = "Games", "Games", "{4A03CA06-2854-4034-A9CB-C978B5DC46D3}"
EndProject
Project("{8BC9CEB8-8B4A-11D0-8D11-00A0C91BC942}") = "MyProject", "Intermediate\ProjectFiles\MyProject.vcxproj", "{249C5611-526B-41F2-88B6-46789C928AB6}"
	ProjectSection(ProjectDependencies) = postProject
	EndProjectSection
EndProject
Project("{8BC9CEB8-8B4A-11D0-8D11-00A0C91BC942}") = "UE4", "Intermediate\ProjectFiles\UE4.vcxproj", "{5B998154-8D4C-4D0C-8351-37A89495336D}"
EndProject
Global
	GlobalSection(SolutionConfigurationPlatforms) = preSolution
		DebugGame Editor|Windows = DebugGame Editor|Windows
		DebugGame|Windows = DebugGame|Windows
		Development Editor|Windows = Development Editor|Windows
		Development|Windows = Development|Windows
		Shipping|Windows = Shipping|Windows
	EndGlobalSection
	GlobalSection(ProjectConfigurationPlatforms) = postSolution
		{249C5611-526B-41F2-88B6-46789C928AB6}.DebugGame Editor|Windows.ActiveCfg = DebugGame_Editor|x64
		{249C5611-526B-41F2-88B6-46789C928AB6}.DebugGame Editor|Windows.Build.0 = DebugGame_Editor|x64
		{249C5611-526B-41F2-88B6-46789C928AB6}.DebugGame|Windows.ActiveCfg = DebugGame_Game|x64
		{249C5611-526B-41F2-88B6-46789C928AB6}.DebugGame|Windows.Build.0 = DebugGame_Game|x64
		{249C5611-526B-41F2-88B6-46789C928AB6}.Development Editor|Windows.ActiveCfg = Development_Editor|x64
		{249C5611-526B-41F2-88B6-46789C928AB6}.Development Editor|Windows.Build.0 = Development_Editor|x64
		{249C5611-526B-41F2-88B6-46789C928AB6}.Development|Windows.ActiveCfg = Development_Game|x64
		{249C5611-526B-41F2-88B6-46789C928AB6}.Development|Windows.Build.0 = Development_Game|x64
		{249C5611-526B-41F2-88B6-46789C928AB6}.Shipping|Windows.ActiveCfg = Shipping_Game|Win32
		{249C5611-526B-41F2-88B6-46789C928AB6}.Shipping|Windows.Build.0 = Shipping_Game|Win32
	EndGlobalSection
	GlobalSection(SolutionProperties) = preSolution
		HideSolutionNode = FALSE
	EndGlobalSection
	GlobalSection(NestedProjects) = preSolution
		{5B998154-8D4C-4D0C-8351-37A89495336D} = {2F4C6D2F-9CEB-4D14-8290-03F44EBECDF2}
		{249C5611-526B-41F2-88B6-46789C928AB6} = {4A03CA06-2854-4034-A9CB-C978B5DC46D3}
	EndGlobalSection
EndGlobal
